
Microsoft Visual Studio Solution File, Format Version 12.00
# Visual Studio Version 16
VisualStudioVersion = 16.0.29318.209
MinimumVisualStudioVersion = 10.0.40219.1
Project("{FAE04EC0-301F-11D3-BF4B-00C04F79EFBC}") = "IdentificacaoAPI", "IdentificacaoAPI\IdentificacaoAPI.csproj", "{C625915B-5448-47EC-BBEA-A48CB7F094E4}"
EndProject
Project("{FAE04EC0-301F-11D3-BF4B-00C04F79EFBC}") = "AdesaoCancelamentoAPI", "AdesaoCancelamentoAPI\AdesaoCancelamentoAPI.csproj", "{CF267DC9-87B4-4948-89FB-9E955551CA41}"
EndProject
Project("{FAE04EC0-301F-11D3-BF4B-00C04F79EFBC}") = "MovtosFinanceiroAPI", "MovtosFinanceiroAPI\MovtosFinanceiroAPI.csproj", "{AB8A447C-7A65-43E9-BEC0-E02F314DF6CE}"
EndProject
Global
	GlobalSection(SolutionConfigurationPlatforms) = preSolution
		Debug|Any CPU = Debug|Any CPU
		Release|Any CPU = Release|Any CPU
	EndGlobalSection
	GlobalSection(ProjectConfigurationPlatforms) = postSolution
		{C625915B-5448-47EC-BBEA-A48CB7F094E4}.Debug|Any CPU.ActiveCfg = Debug|Any CPU
		{C625915B-5448-47EC-BBEA-A48CB7F094E4}.Debug|Any CPU.Build.0 = Debug|Any CPU
		{C625915B-5448-47EC-BBEA-A48CB7F094E4}.Release|Any CPU.ActiveCfg = Release|Any CPU
		{C625915B-5448-47EC-BBEA-A48CB7F094E4}.Release|Any CPU.Build.0 = Release|Any CPU
		{CF267DC9-87B4-4948-89FB-9E955551CA41}.Debug|Any CPU.ActiveCfg = Debug|Any CPU
		{CF267DC9-87B4-4948-89FB-9E955551CA41}.Debug|Any CPU.Build.0 = Debug|Any CPU
		{CF267DC9-87B4-4948-89FB-9E955551CA41}.Release|Any CPU.ActiveCfg = Release|Any CPU
		{CF267DC9-87B4-4948-89FB-9E955551CA41}.Release|Any CPU.Build.0 = Release|Any CPU
		{AB8A447C-7A65-43E9-BEC0-E02F314DF6CE}.Debug|Any CPU.ActiveCfg = Debug|Any CPU
		{AB8A447C-7A65-43E9-BEC0-E02F314DF6CE}.Debug|Any CPU.Build.0 = Debug|Any CPU
		{AB8A447C-7A65-43E9-BEC0-E02F314DF6CE}.Release|Any CPU.ActiveCfg = Release|Any CPU
		{AB8A447C-7A65-43E9-BEC0-E02F314DF6CE}.Release|Any CPU.Build.0 = Release|Any CPU
	EndGlobalSection
	GlobalSection(SolutionProperties) = preSolution
		HideSolutionNode = FALSE
	EndGlobalSection
	GlobalSection(ExtensibilityGlobals) = postSolution
		SolutionGuid = {76007ECD-916D-45BF-85A5-32990FDC0997}
	EndGlobalSection
EndGlobal
